
Microsoft Visual Studio Solution File, Format Version 12.00
# Visual Studio Version 16
VisualStudioVersion = 16.0.31911.196
MinimumVisualStudioVersion = 10.0.40219.1
Project("{8BC9CEB8-8B4A-11D0-8D11-00A0C91BC942}") = "C-数据存储", "C-数据存储\C-数据存储.vcxproj", "{D28CFCA7-EE2A-41F5-922F-F3A25ECA99BF}"
EndProject
Global
	GlobalSection(SolutionConfigurationPlatforms) = preSolution
		Debug|x64 = Debug|x64
		Debug|x86 = Debug|x86
		Release|x64 = Release|x64
		Release|x86 = Release|x86
	EndGlobalSection
	GlobalSection(ProjectConfigurationPlatforms) = postSolution
		{D28CFCA7-EE2A-41F5-922F-F3A25ECA99BF}.Debug|x64.ActiveCfg = Debug|x64
		{D28CFCA7-EE2A-41F5-922F-F3A25ECA99BF}.Debug|x64.Build.0 = Debug|x64
		{D28CFCA7-EE2A-41F5-922F-F3A25ECA99BF}.Debug|x86.ActiveCfg = Debug|Win32
		{D28CFCA7-EE2A-41F5-922F-F3A25ECA99BF}.Debug|x86.Build.0 = Debug|Win32
		{D28CFCA7-EE2A-41F5-922F-F3A25ECA99BF}.Release|x64.ActiveCfg = Release|x64
		{D28CFCA7-EE2A-41F5-922F-F3A25ECA99BF}.Release|x64.Build.0 = Release|x64
		{D28CFCA7-EE2A-41F5-922F-F3A25ECA99BF}.Release|x86.ActiveCfg = Release|Win32
		{D28CFCA7-EE2A-41F5-922F-F3A25ECA99BF}.Release|x86.Build.0 = Release|Win32
	EndGlobalSection
	GlobalSection(SolutionProperties) = preSolution
		HideSolutionNode = FALSE
	EndGlobalSection
	GlobalSection(ExtensibilityGlobals) = postSolution
		SolutionGuid = {DE820292-16EF-46E2-8538-AED6ECD89A59}
	EndGlobalSection
EndGlobal
