
Microsoft Visual Studio Solution File, Format Version 12.00
# Visual Studio Version 16
VisualStudioVersion = 16.0.31911.196
MinimumVisualStudioVersion = 10.0.40219.1
Project("{8BC9CEB8-8B4A-11D0-8D11-00A0C91BC942}") = "C_选择结构", "C_选择结构\C_选择结构.vcxproj", "{092C794B-910E-4E3D-BE6F-7174E678B2CA}"
EndProject
Global
	GlobalSection(SolutionConfigurationPlatforms) = preSolution
		Debug|x64 = Debug|x64
		Debug|x86 = Debug|x86
		Release|x64 = Release|x64
		Release|x86 = Release|x86
	EndGlobalSection
	GlobalSection(ProjectConfigurationPlatforms) = postSolution
		{092C794B-910E-4E3D-BE6F-7174E678B2CA}.Debug|x64.ActiveCfg = Debug|x64
		{092C794B-910E-4E3D-BE6F-7174E678B2CA}.Debug|x64.Build.0 = Debug|x64
		{092C794B-910E-4E3D-BE6F-7174E678B2CA}.Debug|x86.ActiveCfg = Debug|Win32
		{092C794B-910E-4E3D-BE6F-7174E678B2CA}.Debug|x86.Build.0 = Debug|Win32
		{092C794B-910E-4E3D-BE6F-7174E678B2CA}.Release|x64.ActiveCfg = Release|x64
		{092C794B-910E-4E3D-BE6F-7174E678B2CA}.Release|x64.Build.0 = Release|x64
		{092C794B-910E-4E3D-BE6F-7174E678B2CA}.Release|x86.ActiveCfg = Release|Win32
		{092C794B-910E-4E3D-BE6F-7174E678B2CA}.Release|x86.Build.0 = Release|Win32
	EndGlobalSection
	GlobalSection(SolutionProperties) = preSolution
		HideSolutionNode = FALSE
	EndGlobalSection
	GlobalSection(ExtensibilityGlobals) = postSolution
		SolutionGuid = {B706259A-64C4-445C-8306-5765BDCE63BD}
	EndGlobalSection
EndGlobal
